
Microsoft Visual Studio Solution File, Format Version 12.00
# Visual Studio 15
VisualStudioVersion = 15.0.26430.16
MinimumVisualStudioVersion = 10.0.40219.1
Project("{8BC9CEB8-8B4A-11D0-8D11-00A0C91BC942}") = "Vectors", "Vectors\Vectors.vcxproj", "{741A3713-602A-441F-B1E4-0195A9FC9890}"
EndProject
Global
	GlobalSection(SolutionConfigurationPlatforms) = preSolution
		Debug|x64 = Debug|x64
		Debug|x86 = Debug|x86
		Release|x64 = Release|x64
		Release|x86 = Release|x86
	EndGlobalSection
	GlobalSection(ProjectConfigurationPlatforms) = postSolution
		{741A3713-602A-441F-B1E4-0195A9FC9890}.Debug|x64.ActiveCfg = Debug|x64
		{741A3713-602A-441F-B1E4-0195A9FC9890}.Debug|x64.Build.0 = Debug|x64
		{741A3713-602A-441F-B1E4-0195A9FC9890}.Debug|x86.ActiveCfg = Debug|Win32
		{741A3713-602A-441F-B1E4-0195A9FC9890}.Debug|x86.Build.0 = Debug|Win32
		{741A3713-602A-441F-B1E4-0195A9FC9890}.Release|x64.ActiveCfg = Release|x64
		{741A3713-602A-441F-B1E4-0195A9FC9890}.Release|x64.Build.0 = Release|x64
		{741A3713-602A-441F-B1E4-0195A9FC9890}.Release|x86.ActiveCfg = Release|Win32
		{741A3713-602A-441F-B1E4-0195A9FC9890}.Release|x86.Build.0 = Release|Win32
	EndGlobalSection
	GlobalSection(SolutionProperties) = preSolution
		HideSolutionNode = FALSE
	EndGlobalSection
EndGlobal
